
Microsoft Visual Studio Solution File, Format Version 12.00
# Visual Studio Version 17
VisualStudioVersion = 17.2.32630.192
MinimumVisualStudioVersion = 10.0.40219.1
Project("{FAE04EC0-301F-11D3-BF4B-00C04F79EFBC}") = "wpf_project", "wpf_project\wpf_project.csproj", "{803091D0-32AE-4DBC-AD11-C5B6150E77BC}"
EndProject
Global
	GlobalSection(SolutionConfigurationPlatforms) = preSolution
		Debug|Any CPU = Debug|Any CPU
		Release|Any CPU = Release|Any CPU
	EndGlobalSection
	GlobalSection(ProjectConfigurationPlatforms) = postSolution
		{803091D0-32AE-4DBC-AD11-C5B6150E77BC}.Debug|Any CPU.ActiveCfg = Debug|Any CPU
		{803091D0-32AE-4DBC-AD11-C5B6150E77BC}.Debug|Any CPU.Build.0 = Debug|Any CPU
		{803091D0-32AE-4DBC-AD11-C5B6150E77BC}.Release|Any CPU.ActiveCfg = Release|Any CPU
		{803091D0-32AE-4DBC-AD11-C5B6150E77BC}.Release|Any CPU.Build.0 = Release|Any CPU
	EndGlobalSection
	GlobalSection(SolutionProperties) = preSolution
		HideSolutionNode = FALSE
	EndGlobalSection
	GlobalSection(ExtensibilityGlobals) = postSolution
		SolutionGuid = {78BFD3F2-8C0B-4143-A2EF-726A2DFC5757}
	EndGlobalSection
EndGlobal
